
Microsoft Visual Studio Solution File, Format Version 12.00
# Visual Studio Version 17
VisualStudioVersion = 17.1.32414.318
MinimumVisualStudioVersion = 10.0.40219.1
Project("{9A19103F-16F7-4668-BE54-9A1E7A4F7556}") = "Assignment", "Assignment\Assignment.csproj", "{C320067D-4E26-4ED8-9B51-A676D9A55C3D}"
EndProject
Project("{FAE04EC0-301F-11D3-BF4B-00C04F79EFBC}") = "Assignment2", "Assignment2\Assignment2.csproj", "{DDB8CF23-42A6-4B8A-9231-E111BF289BC2}"
EndProject
Global
	GlobalSection(SolutionConfigurationPlatforms) = preSolution
		Debug|Any CPU = Debug|Any CPU
		Release|Any CPU = Release|Any CPU
	EndGlobalSection
	GlobalSection(ProjectConfigurationPlatforms) = postSolution
		{C320067D-4E26-4ED8-9B51-A676D9A55C3D}.Debug|Any CPU.ActiveCfg = Debug|Any CPU
		{C320067D-4E26-4ED8-9B51-A676D9A55C3D}.Debug|Any CPU.Build.0 = Debug|Any CPU
		{C320067D-4E26-4ED8-9B51-A676D9A55C3D}.Release|Any CPU.ActiveCfg = Release|Any CPU
		{C320067D-4E26-4ED8-9B51-A676D9A55C3D}.Release|Any CPU.Build.0 = Release|Any CPU
		{DDB8CF23-42A6-4B8A-9231-E111BF289BC2}.Debug|Any CPU.ActiveCfg = Debug|Any CPU
		{DDB8CF23-42A6-4B8A-9231-E111BF289BC2}.Debug|Any CPU.Build.0 = Debug|Any CPU
		{DDB8CF23-42A6-4B8A-9231-E111BF289BC2}.Release|Any CPU.ActiveCfg = Release|Any CPU
		{DDB8CF23-42A6-4B8A-9231-E111BF289BC2}.Release|Any CPU.Build.0 = Release|Any CPU
	EndGlobalSection
	GlobalSection(SolutionProperties) = preSolution
		HideSolutionNode = FALSE
	EndGlobalSection
	GlobalSection(ExtensibilityGlobals) = postSolution
		SolutionGuid = {7683FED1-34CE-4E19-94BD-CF708F5C8525}
	EndGlobalSection
EndGlobal
