
Microsoft Visual Studio Solution File, Format Version 12.00
# Visual Studio Version 17
VisualStudioVersion = 17.1.32414.318
MinimumVisualStudioVersion = 10.0.40219.1
Project("{FAE04EC0-301F-11D3-BF4B-00C04F79EFBC}") = "Algorithm", "Algorithm\Algorithm.csproj", "{EB3A35BB-4695-4CE1-A693-30553A14F80F}"
EndProject
Global
	GlobalSection(SolutionConfigurationPlatforms) = preSolution
		Debug|Any CPU = Debug|Any CPU
		Release|Any CPU = Release|Any CPU
	EndGlobalSection
	GlobalSection(ProjectConfigurationPlatforms) = postSolution
		{EB3A35BB-4695-4CE1-A693-30553A14F80F}.Debug|Any CPU.ActiveCfg = Debug|Any CPU
		{EB3A35BB-4695-4CE1-A693-30553A14F80F}.Debug|Any CPU.Build.0 = Debug|Any CPU
		{EB3A35BB-4695-4CE1-A693-30553A14F80F}.Release|Any CPU.ActiveCfg = Release|Any CPU
		{EB3A35BB-4695-4CE1-A693-30553A14F80F}.Release|Any CPU.Build.0 = Release|Any CPU
	EndGlobalSection
	GlobalSection(SolutionProperties) = preSolution
		HideSolutionNode = FALSE
	EndGlobalSection
	GlobalSection(ExtensibilityGlobals) = postSolution
		SolutionGuid = {5321AA61-909B-4C43-9242-DBC846AF156E}
	EndGlobalSection
EndGlobal
